
Microsoft Visual Studio Solution File, Format Version 12.00
# Visual Studio Version 16
VisualStudioVersion = 16.0.31424.327
MinimumVisualStudioVersion = 10.0.40219.1
Project("{FAE04EC0-301F-11D3-BF4B-00C04F79EFBC}") = "FileWatcherExcelSheet", "FileWatcherExcelSheet\FileWatcherExcelSheet.csproj", "{0C31D6F3-DB47-45D9-A0D0-17CBD4B7460F}"
EndProject
Global
	GlobalSection(SolutionConfigurationPlatforms) = preSolution
		Debug|Any CPU = Debug|Any CPU
		Release|Any CPU = Release|Any CPU
	EndGlobalSection
	GlobalSection(ProjectConfigurationPlatforms) = postSolution
		{0C31D6F3-DB47-45D9-A0D0-17CBD4B7460F}.Debug|Any CPU.ActiveCfg = Debug|Any CPU
		{0C31D6F3-DB47-45D9-A0D0-17CBD4B7460F}.Debug|Any CPU.Build.0 = Debug|Any CPU
		{0C31D6F3-DB47-45D9-A0D0-17CBD4B7460F}.Release|Any CPU.ActiveCfg = Release|Any CPU
		{0C31D6F3-DB47-45D9-A0D0-17CBD4B7460F}.Release|Any CPU.Build.0 = Release|Any CPU
	EndGlobalSection
	GlobalSection(SolutionProperties) = preSolution
		HideSolutionNode = FALSE
	EndGlobalSection
	GlobalSection(ExtensibilityGlobals) = postSolution
		SolutionGuid = {B6ED02BA-2E37-4409-9B0D-511294FDDA04}
	EndGlobalSection
EndGlobal
